<?xml version="1.0" encoding="utf-8"?>
<Project ToolsVersion="15.0" xmlns="http://schemas.microsoft.com/developer/msbuild/2003">
  <ItemGroup>
    <Filter Include="Source">
      <UniqueIdentifier>{859c6e35-1c5b-4bde-916a-bdec5a738687}</UniqueIdentifier>
    </Filter>
  </ItemGroup>
  <ItemGroup>
    <ClCompile Include="AdbClient.cpp">
      <Filter>Source</Filter>
    </ClCompile>
    <ClCompile Include="pch.cpp">
      <Filter>Source</Filter>
    </ClCompile>
    <ClCompile Include="ScrcpyController.cpp">
      <Filter>Source</Filter>
    </ClCompile>
    <ClCompile Include="VideoEngine.cpp">
      <Filter>Source</Filter>
    </ClCompile>
  </ItemGroup>
  <ItemGroup>
    <ClInclude Include="AdbClient.h">
      <Filter>Source</Filter>
    </ClInclude>
    <ClInclude Include="pch.h">
      <Filter>Source</Filter>
    </ClInclude>
    <ClInclude Include="ScrcpyController.h">
      <Filter>Source</Filter>
    </ClInclude>
    <ClInclude Include="Utils.h">
      <Filter>Source</Filter>
    </ClInclude>
    <ClInclude Include="VideoEngine.h">
      <Filter>Source</Filter>
    </ClInclude>
  </ItemGroup>
</Project>